// !$*UTF8*$!
{
	archiveVersion = 1;
	classes = {
	};
	objectVersion = 56;
	objects = {

/* Begin PBXBuildFile section */
		E290AD402BA9E86A00B15519 /* AppDelegate.swift in Sources */ = {isa = PBXBuildFile; fileRef = E290AD3F2BA9E86A00B15519 /* AppDelegate.swift */; };
		E290AD422BA9E86A00B15519 /* SceneDelegate.swift in Sources */ = {isa = PBXBuildFile; fileRef = E290AD412BA9E86A00B15519 /* SceneDelegate.swift */; };
		E290AD442BA9E86A00B15519 /* ViewController.swift in Sources */ = {isa = PBXBuildFile; fileRef = E290AD432BA9E86A00B15519 /* ViewController.swift */; };
		E290AD492BA9E86C00B15519 /* Assets.xcassets in Resources */ = {isa = PBXBuildFile; fileRef = E290AD482BA9E86C00B15519 /* Assets.xcassets */; };
		E290AD4C2BA9E86C00B15519 /* LaunchScreen.storyboard in Resources */ = {isa = PBXBuildFile; fileRef = E290AD4A2BA9E86C00B15519 /* LaunchScreen.storyboard */; };
		E290AD542BA9EBC200B15519 /* README.md in Resources */ = {isa = PBXBuildFile; fileRef = E290AD532BA9EBC200B15519 /* README.md */; };
		E290AD572BAA9CF800B15519 /* CombineMoya in Frameworks */ = {isa = PBXBuildFile; productRef = E290AD562BAA9CF800B15519 /* CombineMoya */; };
		E290AD592BAA9CF800B15519 /* Moya in Frameworks */ = {isa = PBXBuildFile; productRef = E290AD582BAA9CF800B15519 /* Moya */; };
		E290AD5B2BAA9CF800B15519 /* ReactiveMoya in Frameworks */ = {isa = PBXBuildFile; productRef = E290AD5A2BAA9CF800B15519 /* ReactiveMoya */; };
		E290AD5D2BAA9CF800B15519 /* RxMoya in Frameworks */ = {isa = PBXBuildFile; productRef = E290AD5C2BAA9CF800B15519 /* RxMoya */; };
		E290AD602BAA9D4A00B15519 /* Swinject in Frameworks */ = {isa = PBXBuildFile; productRef = E290AD5F2BAA9D4A00B15519 /* Swinject */; };
		E290AD622BAA9D4A00B15519 /* Swinject-Dynamic in Frameworks */ = {isa = PBXBuildFile; productRef = E290AD612BAA9D4A00B15519 /* Swinject-Dynamic */; };
		E290AD712BAA9F4100B15519 /* Kingfisher in Frameworks */ = {isa = PBXBuildFile; productRef = E290AD702BAA9F4100B15519 /* Kingfisher */; };
/* End PBXBuildFile section */

/* Begin PBXFileReference section */
		E290AD3C2BA9E86A00B15519 /* TeamFinder.app */ = {isa = PBXFileReference; explicitFileType = wrapper.application; includeInIndex = 0; path = TeamFinder.app; sourceTree = BUILT_PRODUCTS_DIR; };
		E290AD3F2BA9E86A00B15519 /* AppDelegate.swift */ = {isa = PBXFileReference; lastKnownFileType = sourcecode.swift; path = AppDelegate.swift; sourceTree = "<group>"; };
		E290AD412BA9E86A00B15519 /* SceneDelegate.swift */ = {isa = PBXFileReference; lastKnownFileType = sourcecode.swift; path = SceneDelegate.swift; sourceTree = "<group>"; };
		E290AD432BA9E86A00B15519 /* ViewController.swift */ = {isa = PBXFileReference; lastKnownFileType = sourcecode.swift; path = ViewController.swift; sourceTree = "<group>"; };
		E290AD482BA9E86C00B15519 /* Assets.xcassets */ = {isa = PBXFileReference; lastKnownFileType = folder.assetcatalog; path = Assets.xcassets; sourceTree = "<group>"; };
		E290AD4B2BA9E86C00B15519 /* Base */ = {isa = PBXFileReference; lastKnownFileType = file.storyboard; name = Base; path = Base.lproj/LaunchScreen.storyboard; sourceTree = "<group>"; };
		E290AD4D2BA9E86C00B15519 /* Info.plist */ = {isa = PBXFileReference; lastKnownFileType = text.plist.xml; path = Info.plist; sourceTree = "<group>"; };
		E290AD532BA9EBC200B15519 /* README.md */ = {isa = PBXFileReference; lastKnownFileType = net.daringfireball.markdown; path = README.md; sourceTree = "<group>"; };
/* End PBXFileReference section */

/* Begin PBXFrameworksBuildPhase section */
		E290AD392BA9E86A00B15519 /* Frameworks */ = {
			isa = PBXFrameworksBuildPhase;
			buildActionMask = 2147483647;
			files = (
				E290AD592BAA9CF800B15519 /* Moya in Frameworks */,
				E290AD602BAA9D4A00B15519 /* Swinject in Frameworks */,
				E290AD712BAA9F4100B15519 /* Kingfisher in Frameworks */,
				E290AD572BAA9CF800B15519 /* CombineMoya in Frameworks */,
				E290AD622BAA9D4A00B15519 /* Swinject-Dynamic in Frameworks */,
				E290AD5D2BAA9CF800B15519 /* RxMoya in Frameworks */,
				E290AD5B2BAA9CF800B15519 /* ReactiveMoya in Frameworks */,
			);
			runOnlyForDeploymentPostprocessing = 0;
		};
/* End PBXFrameworksBuildPhase section */

/* Begin PBXGroup section */
		C9743BC72BAB51C200D4CEF8 /* Frameworks */ = {
			isa = PBXGroup;
			children = (
			);
			name = Frameworks;
			sourceTree = "<group>";
		};
		E290AD332BA9E86A00B15519 = {
			isa = PBXGroup;
			children = (
				E290AD532BA9EBC200B15519 /* README.md */,
				E290AD3E2BA9E86A00B15519 /* TeamFinder */,
				E290AD3D2BA9E86A00B15519 /* Products */,
				C9743BC72BAB51C200D4CEF8 /* Frameworks */,
			);
			sourceTree = "<group>";
		};
		E290AD3D2BA9E86A00B15519 /* Products */ = {
			isa = PBXGroup;
			children = (
				E290AD3C2BA9E86A00B15519 /* TeamFinder.app */,
			);
			name = Products;
			sourceTree = "<group>";
		};
		E290AD3E2BA9E86A00B15519 /* TeamFinder */ = {
			isa = PBXGroup;
			children = (
				E290AD3F2BA9E86A00B15519 /* AppDelegate.swift */,
				E290AD412BA9E86A00B15519 /* SceneDelegate.swift */,
				E290AD432BA9E86A00B15519 /* ViewController.swift */,
				E290AD482BA9E86C00B15519 /* Assets.xcassets */,
				E290AD4A2BA9E86C00B15519 /* LaunchScreen.storyboard */,
				E290AD4D2BA9E86C00B15519 /* Info.plist */,
			);
			path = TeamFinder;
			sourceTree = "<group>";
		};
/* End PBXGroup section */

/* Begin PBXNativeTarget section */
		E290AD3B2BA9E86A00B15519 /* TeamFinder */ = {
			isa = PBXNativeTarget;
			buildConfigurationList = E290AD502BA9E86C00B15519 /* Build configuration list for PBXNativeTarget "TeamFinder" */;
			buildPhases = (
				E290AD382BA9E86A00B15519 /* Sources */,
				E290AD392BA9E86A00B15519 /* Frameworks */,
				E290AD3A2BA9E86A00B15519 /* Resources */,
			);
			buildRules = (
			);
			dependencies = (
				C9743BC62BAB517300D4CEF8 /* PBXTargetDependency */,
			);
			name = TeamFinder;
			packageProductDependencies = (
				E290AD562BAA9CF800B15519 /* CombineMoya */,
				E290AD582BAA9CF800B15519 /* Moya */,
				E290AD5A2BAA9CF800B15519 /* ReactiveMoya */,
				E290AD5C2BAA9CF800B15519 /* RxMoya */,
				E290AD5F2BAA9D4A00B15519 /* Swinject */,
				E290AD612BAA9D4A00B15519 /* Swinject-Dynamic */,
				E290AD702BAA9F4100B15519 /* Kingfisher */,
			);
			productName = TeamFinder;
			productReference = E290AD3C2BA9E86A00B15519 /* TeamFinder.app */;
			productType = "com.apple.product-type.application";
		};
/* End PBXNativeTarget section */

/* Begin PBXProject section */
		E290AD342BA9E86A00B15519 /* Project object */ = {
			isa = PBXProject;
			attributes = {
				BuildIndependentTargetsInParallel = 1;
				LastSwiftUpdateCheck = 1500;
				LastUpgradeCheck = 1500;
				TargetAttributes = {
					E290AD3B2BA9E86A00B15519 = {
						CreatedOnToolsVersion = 15.0;
					};
				};
			};
			buildConfigurationList = E290AD372BA9E86A00B15519 /* Build configuration list for PBXProject "TeamFinder" */;
			compatibilityVersion = "Xcode 14.0";
			developmentRegion = en;
			hasScannedForEncodings = 0;
			knownRegions = (
				en,
				Base,
			);
			mainGroup = E290AD332BA9E86A00B15519;
			packageReferences = (
				E290AD552BAA9CF800B15519 /* XCRemoteSwiftPackageReference "Moya" */,
				E290AD5E2BAA9D4A00B15519 /* XCRemoteSwiftPackageReference "Swinject" */,
				E290AD6F2BAA9F4100B15519 /* XCRemoteSwiftPackageReference "Kingfisher" */,
				C9743BC22BAB511700D4CEF8 /* XCRemoteSwiftPackageReference "SwiftLint" */,
			);
			productRefGroup = E290AD3D2BA9E86A00B15519 /* Products */;
			projectDirPath = "";
			projectRoot = "";
			targets = (
				E290AD3B2BA9E86A00B15519 /* TeamFinder */,
			);
		};
/* End PBXProject section */

/* Begin PBXResourcesBuildPhase section */
		E290AD3A2BA9E86A00B15519 /* Resources */ = {
			isa = PBXResourcesBuildPhase;
			buildActionMask = 2147483647;
			files = (
				E290AD542BA9EBC200B15519 /* README.md in Resources */,
				E290AD4C2BA9E86C00B15519 /* LaunchScreen.storyboard in Resources */,
				E290AD492BA9E86C00B15519 /* Assets.xcassets in Resources */,
			);
			runOnlyForDeploymentPostprocessing = 0;
		};
/* End PBXResourcesBuildPhase section */

/* Begin PBXSourcesBuildPhase section */
		E290AD382BA9E86A00B15519 /* Sources */ = {
			isa = PBXSourcesBuildPhase;
			buildActionMask = 2147483647;
			files = (
				E290AD442BA9E86A00B15519 /* ViewController.swift in Sources */,
				E290AD402BA9E86A00B15519 /* AppDelegate.swift in Sources */,
				E290AD422BA9E86A00B15519 /* SceneDelegate.swift in Sources */,
			);
			runOnlyForDeploymentPostprocessing = 0;
		};
/* End PBXSourcesBuildPhase section */

/* Begin PBXTargetDependency section */
		C9743BC62BAB517300D4CEF8 /* PBXTargetDependency */ = {
			isa = PBXTargetDependency;
			productRef = C9743BC52BAB517300D4CEF8 /* SwiftLintPlugin */;
		};
/* End PBXTargetDependency section */

/* Begin PBXVariantGroup section */
		E290AD4A2BA9E86C00B15519 /* LaunchScreen.storyboard */ = {
			isa = PBXVariantGroup;
			children = (
				E290AD4B2BA9E86C00B15519 /* Base */,
			);
			name = LaunchScreen.storyboard;
			sourceTree = "<group>";
		};
/* End PBXVariantGroup section */

/* Begin XCBuildConfiguration section */
		E290AD4E2BA9E86C00B15519 /* Debug */ = {
			isa = XCBuildConfiguration;
			buildSettings = {
				ALWAYS_SEARCH_USER_PATHS = NO;
				ASSETCATALOG_COMPILER_GENERATE_SWIFT_ASSET_SYMBOL_EXTENSIONS = YES;
				CLANG_ANALYZER_NONNULL = YES;
				CLANG_ANALYZER_NUMBER_OBJECT_CONVERSION = YES_AGGRESSIVE;
				CLANG_CXX_LANGUAGE_STANDARD = "gnu++20";
				CLANG_ENABLE_MODULES = YES;
				CLANG_ENABLE_OBJC_ARC = YES;
				CLANG_ENABLE_OBJC_WEAK = YES;
				CLANG_WARN_BLOCK_CAPTURE_AUTORELEASING = YES;
				CLANG_WARN_BOOL_CONVERSION = YES;
				CLANG_WARN_COMMA = YES;
				CLANG_WARN_CONSTANT_CONVERSION = YES;
				CLANG_WARN_DEPRECATED_OBJC_IMPLEMENTATIONS = YES;
				CLANG_WARN_DIRECT_OBJC_ISA_USAGE = YES_ERROR;
				CLANG_WARN_DOCUMENTATION_COMMENTS = YES;
				CLANG_WARN_EMPTY_BODY = YES;
				CLANG_WARN_ENUM_CONVERSION = YES;
				CLANG_WARN_INFINITE_RECURSION = YES;
				CLANG_WARN_INT_CONVERSION = YES;
				CLANG_WARN_NON_LITERAL_NULL_CONVERSION = YES;
				CLANG_WARN_OBJC_IMPLICIT_RETAIN_SELF = YES;
				CLANG_WARN_OBJC_LITERAL_CONVERSION = YES;
				CLANG_WARN_OBJC_ROOT_CLASS = YES_ERROR;
				CLANG_WARN_QUOTED_INCLUDE_IN_FRAMEWORK_HEADER = YES;
				CLANG_WARN_RANGE_LOOP_ANALYSIS = YES;
				CLANG_WARN_STRICT_PROTOTYPES = YES;
				CLANG_WARN_SUSPICIOUS_MOVE = YES;
				CLANG_WARN_UNGUARDED_AVAILABILITY = YES_AGGRESSIVE;
				CLANG_WARN_UNREACHABLE_CODE = YES;
				CLANG_WARN__DUPLICATE_METHOD_MATCH = YES;
				COPY_PHASE_STRIP = NO;
				DEBUG_INFORMATION_FORMAT = dwarf;
				ENABLE_STRICT_OBJC_MSGSEND = YES;
				ENABLE_TESTABILITY = YES;
				ENABLE_USER_SCRIPT_SANDBOXING = YES;
				GCC_C_LANGUAGE_STANDARD = gnu17;
				GCC_DYNAMIC_NO_PIC = NO;
				GCC_NO_COMMON_BLOCKS = YES;
				GCC_OPTIMIZATION_LEVEL = 0;
				GCC_PREPROCESSOR_DEFINITIONS = (
					"DEBUG=1",
					"$(inherited)",
				);
				GCC_WARN_64_TO_32_BIT_CONVERSION = YES;
				GCC_WARN_ABOUT_RETURN_TYPE = YES_ERROR;
				GCC_WARN_UNDECLARED_SELECTOR = YES;
				GCC_WARN_UNINITIALIZED_AUTOS = YES_AGGRESSIVE;
				GCC_WARN_UNUSED_FUNCTION = YES;
				GCC_WARN_UNUSED_VARIABLE = YES;
				IPHONEOS_DEPLOYMENT_TARGET = 17.0;
				LOCALIZATION_PREFERS_STRING_CATALOGS = YES;
				MTL_ENABLE_DEBUG_INFO = INCLUDE_SOURCE;
				MTL_FAST_MATH = YES;
				ONLY_ACTIVE_ARCH = YES;
				SDKROOT = iphoneos;
				SWIFT_ACTIVE_COMPILATION_CONDITIONS = "DEBUG $(inherited)";
				SWIFT_OPTIMIZATION_LEVEL = "-Onone";
			};
			name = Debug;
		};
		E290AD4F2BA9E86C00B15519 /* Release */ = {
			isa = XCBuildConfiguration;
			buildSettings = {
				ALWAYS_SEARCH_USER_PATHS = NO;
				ASSETCATALOG_COMPILER_GENERATE_SWIFT_ASSET_SYMBOL_EXTENSIONS = YES;
				CLANG_ANALYZER_NONNULL = YES;
				CLANG_ANALYZER_NUMBER_OBJECT_CONVERSION = YES_AGGRESSIVE;
				CLANG_CXX_LANGUAGE_STANDARD = "gnu++20";
				CLANG_ENABLE_MODULES = YES;
				CLANG_ENABLE_OBJC_ARC = YES;
				CLANG_ENABLE_OBJC_WEAK = YES;
				CLANG_WARN_BLOCK_CAPTURE_AUTORELEASING = YES;
				CLANG_WARN_BOOL_CONVERSION = YES;
				CLANG_WARN_COMMA = YES;
				CLANG_WARN_CONSTANT_CONVERSION = YES;
				CLANG_WARN_DEPRECATED_OBJC_IMPLEMENTATIONS = YES;
				CLANG_WARN_DIRECT_OBJC_ISA_USAGE = YES_ERROR;
				CLANG_WARN_DOCUMENTATION_COMMENTS = YES;
				CLANG_WARN_EMPTY_BODY = YES;
				CLANG_WARN_ENUM_CONVERSION = YES;
				CLANG_WARN_INFINITE_RECURSION = YES;
				CLANG_WARN_INT_CONVERSION = YES;
				CLANG_WARN_NON_LITERAL_NULL_CONVERSION = YES;
				CLANG_WARN_OBJC_IMPLICIT_RETAIN_SELF = YES;
				CLANG_WARN_OBJC_LITERAL_CONVERSION = YES;
				CLANG_WARN_OBJC_ROOT_CLASS = YES_ERROR;
				CLANG_WARN_QUOTED_INCLUDE_IN_FRAMEWORK_HEADER = YES;
				CLANG_WARN_RANGE_LOOP_ANALYSIS = YES;
				CLANG_WARN_STRICT_PROTOTYPES = YES;
				CLANG_WARN_SUSPICIOUS_MOVE = YES;
				CLANG_WARN_UNGUARDED_AVAILABILITY = YES_AGGRESSIVE;
				CLANG_WARN_UNREACHABLE_CODE = YES;
				CLANG_WARN__DUPLICATE_METHOD_MATCH = YES;
				COPY_PHASE_STRIP = NO;
				DEBUG_INFORMATION_FORMAT = "dwarf-with-dsym";
				ENABLE_NS_ASSERTIONS = NO;
				ENABLE_STRICT_OBJC_MSGSEND = YES;
				ENABLE_USER_SCRIPT_SANDBOXING = YES;
				GCC_C_LANGUAGE_STANDARD = gnu17;
				GCC_NO_COMMON_BLOCKS = YES;
				GCC_WARN_64_TO_32_BIT_CONVERSION = YES;
				GCC_WARN_ABOUT_RETURN_TYPE = YES_ERROR;
				GCC_WARN_UNDECLARED_SELECTOR = YES;
				GCC_WARN_UNINITIALIZED_AUTOS = YES_AGGRESSIVE;
				GCC_WARN_UNUSED_FUNCTION = YES;
				GCC_WARN_UNUSED_VARIABLE = YES;
				IPHONEOS_DEPLOYMENT_TARGET = 17.0;
				LOCALIZATION_PREFERS_STRING_CATALOGS = YES;
				MTL_ENABLE_DEBUG_INFO = NO;
				MTL_FAST_MATH = YES;
				SDKROOT = iphoneos;
				SWIFT_COMPILATION_MODE = wholemodule;
				VALIDATE_PRODUCT = YES;
			};
			name = Release;
		};
		E290AD512BA9E86C00B15519 /* Debug */ = {
			isa = XCBuildConfiguration;
			buildSettings = {
				ASSETCATALOG_COMPILER_APPICON_NAME = AppIcon;
				ASSETCATALOG_COMPILER_GLOBAL_ACCENT_COLOR_NAME = AccentColor;
				CODE_SIGN_STYLE = Automatic;
				CURRENT_PROJECT_VERSION = 1;
				DEVELOPMENT_TEAM = G2Z3KJVPLW;
				GENERATE_INFOPLIST_FILE = YES;
				INFOPLIST_FILE = TeamFinder/Info.plist;
				INFOPLIST_KEY_UIApplicationSupportsIndirectInputEvents = YES;
				INFOPLIST_KEY_UILaunchStoryboardName = LaunchScreen;
				INFOPLIST_KEY_UISupportedInterfaceOrientations = UIInterfaceOrientationPortrait;
				INFOPLIST_KEY_UISupportedInterfaceOrientations_iPad = "UIInterfaceOrientationLandscapeLeft UIInterfaceOrientationLandscapeRight UIInterfaceOrientationPortrait UIInterfaceOrientationPortraitUpsideDown";
				IPHONEOS_DEPLOYMENT_TARGET = 14.0;
				LD_RUNPATH_SEARCH_PATHS = (
					"$(inherited)",
					"@executable_path/Frameworks",
				);
				MARKETING_VERSION = 1.0;
				PRODUCT_BUNDLE_IDENTIFIER = com.agaripov.TeamFinder;
				PRODUCT_NAME = "$(TARGET_NAME)";
				SUPPORTED_PLATFORMS = "iphoneos iphonesimulator";
				SUPPORTS_MACCATALYST = NO;
				SUPPORTS_MAC_DESIGNED_FOR_IPHONE_IPAD = NO;
				SWIFT_EMIT_LOC_STRINGS = YES;
				SWIFT_VERSION = 5.0;
				TARGETED_DEVICE_FAMILY = 1;
			};
			name = Debug;
		};
		E290AD522BA9E86C00B15519 /* Release */ = {
			isa = XCBuildConfiguration;
			buildSettings = {
				ASSETCATALOG_COMPILER_APPICON_NAME = AppIcon;
				ASSETCATALOG_COMPILER_GLOBAL_ACCENT_COLOR_NAME = AccentColor;
				CODE_SIGN_STYLE = Automatic;
				CURRENT_PROJECT_VERSION = 1;
				DEVELOPMENT_TEAM = G2Z3KJVPLW;
				GENERATE_INFOPLIST_FILE = YES;
				INFOPLIST_FILE = TeamFinder/Info.plist;
				INFOPLIST_KEY_UIApplicationSupportsIndirectInputEvents = YES;
				INFOPLIST_KEY_UILaunchStoryboardName = LaunchScreen;
				INFOPLIST_KEY_UISupportedInterfaceOrientations = UIInterfaceOrientationPortrait;
				INFOPLIST_KEY_UISupportedInterfaceOrientations_iPad = "UIInterfaceOrientationLandscapeLeft UIInterfaceOrientationLandscapeRight UIInterfaceOrientationPortrait UIInterfaceOrientationPortraitUpsideDown";
				IPHONEOS_DEPLOYMENT_TARGET = 14.0;
				LD_RUNPATH_SEARCH_PATHS = (
					"$(inherited)",
					"@executable_path/Frameworks",
				);
				MARKETING_VERSION = 1.0;
				PRODUCT_BUNDLE_IDENTIFIER = com.agaripov.TeamFinder;
				PRODUCT_NAME = "$(TARGET_NAME)";
				SUPPORTED_PLATFORMS = "iphoneos iphonesimulator";
				SUPPORTS_MACCATALYST = NO;
				SUPPORTS_MAC_DESIGNED_FOR_IPHONE_IPAD = NO;
				SWIFT_EMIT_LOC_STRINGS = YES;
				SWIFT_VERSION = 5.0;
				TARGETED_DEVICE_FAMILY = 1;
			};
			name = Release;
		};
/* End XCBuildConfiguration section */

/* Begin XCConfigurationList section */
		E290AD372BA9E86A00B15519 /* Build configuration list for PBXProject "TeamFinder" */ = {
			isa = XCConfigurationList;
			buildConfigurations = (
				E290AD4E2BA9E86C00B15519 /* Debug */,
				E290AD4F2BA9E86C00B15519 /* Release */,
			);
			defaultConfigurationIsVisible = 0;
			defaultConfigurationName = Release;
		};
		E290AD502BA9E86C00B15519 /* Build configuration list for PBXNativeTarget "TeamFinder" */ = {
			isa = XCConfigurationList;
			buildConfigurations = (
				E290AD512BA9E86C00B15519 /* Debug */,
				E290AD522BA9E86C00B15519 /* Release */,
			);
			defaultConfigurationIsVisible = 0;
			defaultConfigurationName = Release;
		};
/* End XCConfigurationList section */

/* Begin XCRemoteSwiftPackageReference section */
		C9743BC22BAB511700D4CEF8 /* XCRemoteSwiftPackageReference "SwiftLint" */ = {
			isa = XCRemoteSwiftPackageReference;
			repositoryURL = "https://github.com/realm/SwiftLint.git";
			requirement = {
				kind = upToNextMajorVersion;
				minimumVersion = 0.54.0;
			};
		};
		E290AD552BAA9CF800B15519 /* XCRemoteSwiftPackageReference "Moya" */ = {
			isa = XCRemoteSwiftPackageReference;
			repositoryURL = "https://github.com/Moya/Moya";
			requirement = {
				kind = upToNextMajorVersion;
				minimumVersion = 15.0.3;
			};
		};
		E290AD5E2BAA9D4A00B15519 /* XCRemoteSwiftPackageReference "Swinject" */ = {
			isa = XCRemoteSwiftPackageReference;
			repositoryURL = "https://github.com/Swinject/Swinject";
			requirement = {
				kind = upToNextMajorVersion;
				minimumVersion = 2.8.4;
			};
		};
		E290AD6F2BAA9F4100B15519 /* XCRemoteSwiftPackageReference "Kingfisher" */ = {
			isa = XCRemoteSwiftPackageReference;
			repositoryURL = "https://github.com/onevcat/Kingfisher";
			requirement = {
				kind = upToNextMajorVersion;
				minimumVersion = 7.11.0;
			};
		};
/* End XCRemoteSwiftPackageReference section */

/* Begin XCSwiftPackageProductDependency section */
		C9743BC52BAB517300D4CEF8 /* SwiftLintPlugin */ = {
			isa = XCSwiftPackageProductDependency;
			package = C9743BC22BAB511700D4CEF8 /* XCRemoteSwiftPackageReference "SwiftLint" */;
			productName = "plugin:SwiftLintPlugin";
		};
		E290AD562BAA9CF800B15519 /* CombineMoya */ = {
			isa = XCSwiftPackageProductDependency;
			package = E290AD552BAA9CF800B15519 /* XCRemoteSwiftPackageReference "Moya" */;
			productName = CombineMoya;
		};
		E290AD582BAA9CF800B15519 /* Moya */ = {
			isa = XCSwiftPackageProductDependency;
			package = E290AD552BAA9CF800B15519 /* XCRemoteSwiftPackageReference "Moya" */;
			productName = Moya;
		};
		E290AD5A2BAA9CF800B15519 /* ReactiveMoya */ = {
			isa = XCSwiftPackageProductDependency;
			package = E290AD552BAA9CF800B15519 /* XCRemoteSwiftPackageReference "Moya" */;
			productName = ReactiveMoya;
		};
		E290AD5C2BAA9CF800B15519 /* RxMoya */ = {
			isa = XCSwiftPackageProductDependency;
			package = E290AD552BAA9CF800B15519 /* XCRemoteSwiftPackageReference "Moya" */;
			productName = RxMoya;
		};
		E290AD5F2BAA9D4A00B15519 /* Swinject */ = {
			isa = XCSwiftPackageProductDependency;
			package = E290AD5E2BAA9D4A00B15519 /* XCRemoteSwiftPackageReference "Swinject" */;
			productName = Swinject;
		};
		E290AD612BAA9D4A00B15519 /* Swinject-Dynamic */ = {
			isa = XCSwiftPackageProductDependency;
			package = E290AD5E2BAA9D4A00B15519 /* XCRemoteSwiftPackageReference "Swinject" */;
			productName = "Swinject-Dynamic";
		};
		E290AD702BAA9F4100B15519 /* Kingfisher */ = {
			isa = XCSwiftPackageProductDependency;
			package = E290AD6F2BAA9F4100B15519 /* XCRemoteSwiftPackageReference "Kingfisher" */;
			productName = Kingfisher;
		};
/* End XCSwiftPackageProductDependency section */
	};
	rootObject = E290AD342BA9E86A00B15519 /* Project object */;
}
